
Microsoft Visual Studio Solution File, Format Version 12.00
# Visual Studio Version 16
VisualStudioVersion = 16.0.30711.63
MinimumVisualStudioVersion = 10.0.40219.1
Project("{888888A0-9F3D-457C-B088-3A5042F75D52}") = "config", "config.pyproj", "{BA535109-F57D-4C21-B859-C9E64EDCE934}"
EndProject
Global
	GlobalSection(SolutionConfigurationPlatforms) = preSolution
		Debug|Any CPU = Debug|Any CPU
		Release|Any CPU = Release|Any CPU
	EndGlobalSection
	GlobalSection(ProjectConfigurationPlatforms) = postSolution
		{BA535109-F57D-4C21-B859-C9E64EDCE934}.Debug|Any CPU.ActiveCfg = Debug|Any CPU
		{BA535109-F57D-4C21-B859-C9E64EDCE934}.Debug|Any CPU.Build.0 = Debug|Any CPU
		{BA535109-F57D-4C21-B859-C9E64EDCE934}.Release|Any CPU.ActiveCfg = Release|Any CPU
		{BA535109-F57D-4C21-B859-C9E64EDCE934}.Release|Any CPU.Build.0 = Release|Any CPU
	EndGlobalSection
	GlobalSection(SolutionProperties) = preSolution
		HideSolutionNode = FALSE
	EndGlobalSection
	GlobalSection(ExtensibilityGlobals) = postSolution
		SolutionGuid = {01C47256-0551-447E-A0AC-7A84D6A27978}
	EndGlobalSection
EndGlobal
